
Microsoft Visual Studio Solution File, Format Version 12.00
# Visual Studio Version 16
VisualStudioVersion = 16.0.30204.135
MinimumVisualStudioVersion = 10.0.40219.1
Project("{FAE04EC0-301F-11D3-BF4B-00C04F79EFBC}") = "Demoapp2", "Demoapp2\Demoapp2.csproj", "{2A1FAF38-D231-41FF-B78C-C6AF8721AA76}"
EndProject
Global
	GlobalSection(SolutionConfigurationPlatforms) = preSolution
		Debug|Any CPU = Debug|Any CPU
		Release|Any CPU = Release|Any CPU
	EndGlobalSection
	GlobalSection(ProjectConfigurationPlatforms) = postSolution
		{2A1FAF38-D231-41FF-B78C-C6AF8721AA76}.Debug|Any CPU.ActiveCfg = Debug|Any CPU
		{2A1FAF38-D231-41FF-B78C-C6AF8721AA76}.Debug|Any CPU.Build.0 = Debug|Any CPU
		{2A1FAF38-D231-41FF-B78C-C6AF8721AA76}.Release|Any CPU.ActiveCfg = Release|Any CPU
		{2A1FAF38-D231-41FF-B78C-C6AF8721AA76}.Release|Any CPU.Build.0 = Release|Any CPU
	EndGlobalSection
	GlobalSection(SolutionProperties) = preSolution
		HideSolutionNode = FALSE
	EndGlobalSection
	GlobalSection(ExtensibilityGlobals) = postSolution
		SolutionGuid = {6BD7861C-73D6-4F6D-B339-A5E540192F13}
	EndGlobalSection
EndGlobal
